
Microsoft Visual Studio Solution File, Format Version 12.00
# Visual Studio Version 17
VisualStudioVersion = 17.0.31903.59
MinimumVisualStudioVersion = 10.0.40219.1
Project("{2150E333-8FDC-42A3-9474-1A3956D46DE8}") = "src", "src", "{827E0CD3-B72D-47B6-A68D-7590B98EB39B}"
EndProject
Project("{FAE04EC0-301F-11D3-BF4B-00C04F79EFBC}") = "NFHotel.Application", "src\NFHotel.Application\NFHotel.Application.csproj", "{18CD85D8-359B-469F-9A07-B2361E5B2C82}"
EndProject
Project("{FAE04EC0-301F-11D3-BF4B-00C04F79EFBC}") = "NFHotel.Web", "src\NFHotel.Web\NFHotel.Web.csproj", "{CC24BEB8-21E5-4993-8CB0-4D1B68513F0B}"
EndProject
Project("{FAE04EC0-301F-11D3-BF4B-00C04F79EFBC}") = "NFHotel.Domain", "src\NFHotel.Domain\NFHotel.Domain.csproj", "{31A9E441-5D08-4F1C-ADD1-BD58D9244D10}"
EndProject
Project("{FAE04EC0-301F-11D3-BF4B-00C04F79EFBC}") = "NFHotel.Infrastructure", "src\NFHotel.Infrastructure\NFHotel.Infrastructure.csproj", "{A350B3AF-A25E-476C-AC44-C9DCEA7FBDBF}"
EndProject
Project("{FAE04EC0-301F-11D3-BF4B-00C04F79EFBC}") = "NFHotel.Domain.Tests", "tests\NFHotel.Domain.Tests\NFHotel.Domain.Tests.csproj", "{FC117718-29EF-4F14-AEBB-7EE9369E0E95}"
EndProject
Project("{FAE04EC0-301F-11D3-BF4B-00C04F79EFBC}") = "NFHotel.Infrastructure.Tests", "tests\NFHotel.Infrastructure.Tests\NFHotel.Infrastructure.Tests.csproj", "{C7C1FF5B-E172-4EFC-998A-2D0FBF456E97}"
EndProject
Project("{FAE04EC0-301F-11D3-BF4B-00C04F79EFBC}") = "NFHotel.Application.Tests", "tests\NFHotel.Application.Tests\NFHotel.Application.Tests.csproj", "{0B76760B-5FE7-4DC9-8EB2-2D2158B9B46A}"
EndProject
Global
	GlobalSection(SolutionConfigurationPlatforms) = preSolution
		Debug|Any CPU = Debug|Any CPU
		Debug|x64 = Debug|x64
		Debug|x86 = Debug|x86
		Release|Any CPU = Release|Any CPU
		Release|x64 = Release|x64
		Release|x86 = Release|x86
	EndGlobalSection
	GlobalSection(ProjectConfigurationPlatforms) = postSolution
		{18CD85D8-359B-469F-9A07-B2361E5B2C82}.Debug|Any CPU.ActiveCfg = Debug|Any CPU
		{18CD85D8-359B-469F-9A07-B2361E5B2C82}.Debug|Any CPU.Build.0 = Debug|Any CPU
		{18CD85D8-359B-469F-9A07-B2361E5B2C82}.Debug|x64.ActiveCfg = Debug|Any CPU
		{18CD85D8-359B-469F-9A07-B2361E5B2C82}.Debug|x64.Build.0 = Debug|Any CPU
		{18CD85D8-359B-469F-9A07-B2361E5B2C82}.Debug|x86.ActiveCfg = Debug|Any CPU
		{18CD85D8-359B-469F-9A07-B2361E5B2C82}.Debug|x86.Build.0 = Debug|Any CPU
		{18CD85D8-359B-469F-9A07-B2361E5B2C82}.Release|Any CPU.ActiveCfg = Release|Any CPU
		{18CD85D8-359B-469F-9A07-B2361E5B2C82}.Release|Any CPU.Build.0 = Release|Any CPU
		{18CD85D8-359B-469F-9A07-B2361E5B2C82}.Release|x64.ActiveCfg = Release|Any CPU
		{18CD85D8-359B-469F-9A07-B2361E5B2C82}.Release|x64.Build.0 = Release|Any CPU
		{18CD85D8-359B-469F-9A07-B2361E5B2C82}.Release|x86.ActiveCfg = Release|Any CPU
		{18CD85D8-359B-469F-9A07-B2361E5B2C82}.Release|x86.Build.0 = Release|Any CPU
		{CC24BEB8-21E5-4993-8CB0-4D1B68513F0B}.Debug|Any CPU.ActiveCfg = Debug|Any CPU
		{CC24BEB8-21E5-4993-8CB0-4D1B68513F0B}.Debug|Any CPU.Build.0 = Debug|Any CPU
		{CC24BEB8-21E5-4993-8CB0-4D1B68513F0B}.Debug|x64.ActiveCfg = Debug|Any CPU
		{CC24BEB8-21E5-4993-8CB0-4D1B68513F0B}.Debug|x64.Build.0 = Debug|Any CPU
		{CC24BEB8-21E5-4993-8CB0-4D1B68513F0B}.Debug|x86.ActiveCfg = Debug|Any CPU
		{CC24BEB8-21E5-4993-8CB0-4D1B68513F0B}.Debug|x86.Build.0 = Debug|Any CPU
		{CC24BEB8-21E5-4993-8CB0-4D1B68513F0B}.Release|Any CPU.ActiveCfg = Release|Any CPU
		{CC24BEB8-21E5-4993-8CB0-4D1B68513F0B}.Release|Any CPU.Build.0 = Release|Any CPU
		{CC24BEB8-21E5-4993-8CB0-4D1B68513F0B}.Release|x64.ActiveCfg = Release|Any CPU
		{CC24BEB8-21E5-4993-8CB0-4D1B68513F0B}.Release|x64.Build.0 = Release|Any CPU
		{CC24BEB8-21E5-4993-8CB0-4D1B68513F0B}.Release|x86.ActiveCfg = Release|Any CPU
		{CC24BEB8-21E5-4993-8CB0-4D1B68513F0B}.Release|x86.Build.0 = Release|Any CPU
		{31A9E441-5D08-4F1C-ADD1-BD58D9244D10}.Debug|Any CPU.ActiveCfg = Debug|Any CPU
		{31A9E441-5D08-4F1C-ADD1-BD58D9244D10}.Debug|Any CPU.Build.0 = Debug|Any CPU
		{31A9E441-5D08-4F1C-ADD1-BD58D9244D10}.Debug|x64.ActiveCfg = Debug|Any CPU
		{31A9E441-5D08-4F1C-ADD1-BD58D9244D10}.Debug|x64.Build.0 = Debug|Any CPU
		{31A9E441-5D08-4F1C-ADD1-BD58D9244D10}.Debug|x86.ActiveCfg = Debug|Any CPU
		{31A9E441-5D08-4F1C-ADD1-BD58D9244D10}.Debug|x86.Build.0 = Debug|Any CPU
		{31A9E441-5D08-4F1C-ADD1-BD58D9244D10}.Release|Any CPU.ActiveCfg = Release|Any CPU
		{31A9E441-5D08-4F1C-ADD1-BD58D9244D10}.Release|Any CPU.Build.0 = Release|Any CPU
		{31A9E441-5D08-4F1C-ADD1-BD58D9244D10}.Release|x64.ActiveCfg = Release|Any CPU
		{31A9E441-5D08-4F1C-ADD1-BD58D9244D10}.Release|x64.Build.0 = Release|Any CPU
		{31A9E441-5D08-4F1C-ADD1-BD58D9244D10}.Release|x86.ActiveCfg = Release|Any CPU
		{31A9E441-5D08-4F1C-ADD1-BD58D9244D10}.Release|x86.Build.0 = Release|Any CPU
		{A350B3AF-A25E-476C-AC44-C9DCEA7FBDBF}.Debug|Any CPU.ActiveCfg = Debug|Any CPU
		{A350B3AF-A25E-476C-AC44-C9DCEA7FBDBF}.Debug|Any CPU.Build.0 = Debug|Any CPU
		{A350B3AF-A25E-476C-AC44-C9DCEA7FBDBF}.Debug|x64.ActiveCfg = Debug|Any CPU
		{A350B3AF-A25E-476C-AC44-C9DCEA7FBDBF}.Debug|x64.Build.0 = Debug|Any CPU
		{A350B3AF-A25E-476C-AC44-C9DCEA7FBDBF}.Debug|x86.ActiveCfg = Debug|Any CPU
		{A350B3AF-A25E-476C-AC44-C9DCEA7FBDBF}.Debug|x86.Build.0 = Debug|Any CPU
		{A350B3AF-A25E-476C-AC44-C9DCEA7FBDBF}.Release|Any CPU.ActiveCfg = Release|Any CPU
		{A350B3AF-A25E-476C-AC44-C9DCEA7FBDBF}.Release|Any CPU.Build.0 = Release|Any CPU
		{A350B3AF-A25E-476C-AC44-C9DCEA7FBDBF}.Release|x64.ActiveCfg = Release|Any CPU
		{A350B3AF-A25E-476C-AC44-C9DCEA7FBDBF}.Release|x64.Build.0 = Release|Any CPU
		{A350B3AF-A25E-476C-AC44-C9DCEA7FBDBF}.Release|x86.ActiveCfg = Release|Any CPU
		{A350B3AF-A25E-476C-AC44-C9DCEA7FBDBF}.Release|x86.Build.0 = Release|Any CPU
		{FC117718-29EF-4F14-AEBB-7EE9369E0E95}.Debug|Any CPU.ActiveCfg = Debug|Any CPU
		{FC117718-29EF-4F14-AEBB-7EE9369E0E95}.Debug|Any CPU.Build.0 = Debug|Any CPU
		{FC117718-29EF-4F14-AEBB-7EE9369E0E95}.Debug|x64.ActiveCfg = Debug|Any CPU
		{FC117718-29EF-4F14-AEBB-7EE9369E0E95}.Debug|x64.Build.0 = Debug|Any CPU
		{FC117718-29EF-4F14-AEBB-7EE9369E0E95}.Debug|x86.ActiveCfg = Debug|Any CPU
		{FC117718-29EF-4F14-AEBB-7EE9369E0E95}.Debug|x86.Build.0 = Debug|Any CPU
		{FC117718-29EF-4F14-AEBB-7EE9369E0E95}.Release|Any CPU.ActiveCfg = Release|Any CPU
		{FC117718-29EF-4F14-AEBB-7EE9369E0E95}.Release|Any CPU.Build.0 = Release|Any CPU
		{FC117718-29EF-4F14-AEBB-7EE9369E0E95}.Release|x64.ActiveCfg = Release|Any CPU
		{FC117718-29EF-4F14-AEBB-7EE9369E0E95}.Release|x64.Build.0 = Release|Any CPU
		{FC117718-29EF-4F14-AEBB-7EE9369E0E95}.Release|x86.ActiveCfg = Release|Any CPU
		{FC117718-29EF-4F14-AEBB-7EE9369E0E95}.Release|x86.Build.0 = Release|Any CPU
		{C7C1FF5B-E172-4EFC-998A-2D0FBF456E97}.Debug|Any CPU.ActiveCfg = Debug|Any CPU
		{C7C1FF5B-E172-4EFC-998A-2D0FBF456E97}.Debug|Any CPU.Build.0 = Debug|Any CPU
		{C7C1FF5B-E172-4EFC-998A-2D0FBF456E97}.Debug|x64.ActiveCfg = Debug|Any CPU
		{C7C1FF5B-E172-4EFC-998A-2D0FBF456E97}.Debug|x64.Build.0 = Debug|Any CPU
		{C7C1FF5B-E172-4EFC-998A-2D0FBF456E97}.Debug|x86.ActiveCfg = Debug|Any CPU
		{C7C1FF5B-E172-4EFC-998A-2D0FBF456E97}.Debug|x86.Build.0 = Debug|Any CPU
		{C7C1FF5B-E172-4EFC-998A-2D0FBF456E97}.Release|Any CPU.ActiveCfg = Release|Any CPU
		{C7C1FF5B-E172-4EFC-998A-2D0FBF456E97}.Release|Any CPU.Build.0 = Release|Any CPU
		{C7C1FF5B-E172-4EFC-998A-2D0FBF456E97}.Release|x64.ActiveCfg = Release|Any CPU
		{C7C1FF5B-E172-4EFC-998A-2D0FBF456E97}.Release|x64.Build.0 = Release|Any CPU
		{C7C1FF5B-E172-4EFC-998A-2D0FBF456E97}.Release|x86.ActiveCfg = Release|Any CPU
		{C7C1FF5B-E172-4EFC-998A-2D0FBF456E97}.Release|x86.Build.0 = Release|Any CPU
		{0B76760B-5FE7-4DC9-8EB2-2D2158B9B46A}.Debug|Any CPU.ActiveCfg = Debug|Any CPU
		{0B76760B-5FE7-4DC9-8EB2-2D2158B9B46A}.Debug|Any CPU.Build.0 = Debug|Any CPU
		{0B76760B-5FE7-4DC9-8EB2-2D2158B9B46A}.Debug|x64.ActiveCfg = Debug|Any CPU
		{0B76760B-5FE7-4DC9-8EB2-2D2158B9B46A}.Debug|x64.Build.0 = Debug|Any CPU
		{0B76760B-5FE7-4DC9-8EB2-2D2158B9B46A}.Debug|x86.ActiveCfg = Debug|Any CPU
		{0B76760B-5FE7-4DC9-8EB2-2D2158B9B46A}.Debug|x86.Build.0 = Debug|Any CPU
		{0B76760B-5FE7-4DC9-8EB2-2D2158B9B46A}.Release|Any CPU.ActiveCfg = Release|Any CPU
		{0B76760B-5FE7-4DC9-8EB2-2D2158B9B46A}.Release|Any CPU.Build.0 = Release|Any CPU
		{0B76760B-5FE7-4DC9-8EB2-2D2158B9B46A}.Release|x64.ActiveCfg = Release|Any CPU
		{0B76760B-5FE7-4DC9-8EB2-2D2158B9B46A}.Release|x64.Build.0 = Release|Any CPU
		{0B76760B-5FE7-4DC9-8EB2-2D2158B9B46A}.Release|x86.ActiveCfg = Release|Any CPU
		{0B76760B-5FE7-4DC9-8EB2-2D2158B9B46A}.Release|x86.Build.0 = Release|Any CPU
	EndGlobalSection
	GlobalSection(SolutionProperties) = preSolution
		HideSolutionNode = FALSE
	EndGlobalSection
	GlobalSection(NestedProjects) = preSolution
		{18CD85D8-359B-469F-9A07-B2361E5B2C82} = {827E0CD3-B72D-47B6-A68D-7590B98EB39B}
		{CC24BEB8-21E5-4993-8CB0-4D1B68513F0B} = {827E0CD3-B72D-47B6-A68D-7590B98EB39B}
		{31A9E441-5D08-4F1C-ADD1-BD58D9244D10} = {827E0CD3-B72D-47B6-A68D-7590B98EB39B}
		{A350B3AF-A25E-476C-AC44-C9DCEA7FBDBF} = {827E0CD3-B72D-47B6-A68D-7590B98EB39B}
		{FC117718-29EF-4F14-AEBB-7EE9369E0E95} = {827E0CD3-B72D-47B6-A68D-7590B98EB39B}
		{C7C1FF5B-E172-4EFC-998A-2D0FBF456E97} = {827E0CD3-B72D-47B6-A68D-7590B98EB39B}
		{0B76760B-5FE7-4DC9-8EB2-2D2158B9B46A} = {827E0CD3-B72D-47B6-A68D-7590B98EB39B}
	EndGlobalSection
EndGlobal
